{
  "name": "@cabiri-io/sls-env",
  "version": "0.0.2",
  "lockfileVersion": 1,
  "requires": true,
  "dependencies": {
    "@types/lodash": {
      "version": "4.14.165",
      "resolved": "https://registry.npmjs.org/@types/lodash/-/lodash-4.14.165.tgz",
      "integrity": "sha512-tjSSOTHhI5mCHTy/OOXYIhi2Wt1qcbHmuXD1Ha7q70CgI/I71afO4XtLb/cVexki1oVYchpul/TOuu3Arcdxrg==",
      "dev": true
    },
    "@types/lodash.camelcase": {
      "version": "4.3.6",
      "resolved": "https://registry.npmjs.org/@types/lodash.camelcase/-/lodash.camelcase-4.3.6.tgz",
      "integrity": "sha512-hd/TEuPd76Jtf1xEq85CHbCqR+iqvs5IOKyrYbiaOg69BRQgPN9XkvLj8Jl8rBp/dfJ2wQ1AVcP8mZmybq7kIg==",
      "dev": true,
      "requires": {
        "@types/lodash": "*"
      }
    },
    "@types/lodash.snakecase": {
      "version": "4.1.6",
      "resolved": "https://registry.npmjs.org/@types/lodash.snakecase/-/lodash.snakecase-4.1.6.tgz",
      "integrity": "sha512-qGTf27ncTRUhSwvxD0hzYFmelmTrzEBGvBigrLyx6PRN1rKuy0ZEK+A3X3QnW7k+CwEjIJeAM6XBN4Ay6F03IQ==",
      "dev": true,
      "requires": {
        "@types/lodash": "*"
      }
    },
    "lodash.camelcase": {
      "version": "4.3.0",
      "resolved": "https://registry.npmjs.org/lodash.camelcase/-/lodash.camelcase-4.3.0.tgz",
      "integrity": "sha1-soqmKIorn8ZRA1x3EfZathkDMaY="
    },
    "lodash.snakecase": {
      "version": "4.1.1",
      "resolved": "https://registry.npmjs.org/lodash.snakecase/-/lodash.snakecase-4.1.1.tgz",
      "integrity": "sha1-OdcUo1NXFHg3rv1ktdy7Fr7Nj40=",
      "dev": true
    }
  }
}
